
Microsoft Visual Studio Solution File, Format Version 12.00
# Visual Studio Version 16
VisualStudioVersion = 16.0.29911.84
MinimumVisualStudioVersion = 10.0.40219.1
Project("{9A19103F-16F7-4668-BE54-9A1E7A4F7556}") = "Problem01", "ConsoleApp3\Problem01.csproj", "{5836E6CC-4670-4EFA-AA06-8B20E24C2F4B}"
EndProject
Project("{9A19103F-16F7-4668-BE54-9A1E7A4F7556}") = "Problem02", "Problem02\Problem02.csproj", "{7687B32A-592C-4566-94C2-2C041DDF9F6F}"
EndProject
Project("{9A19103F-16F7-4668-BE54-9A1E7A4F7556}") = "Problem03", "Problem03\Problem03.csproj", "{D66E13E9-197F-4976-80DE-582E41957ABF}"
EndProject
Project("{9A19103F-16F7-4668-BE54-9A1E7A4F7556}") = "Problem04", "Problem04\Problem04.csproj", "{B15A788C-D034-4CBC-81EA-AAF05FD22E03}"
EndProject
Project("{9A19103F-16F7-4668-BE54-9A1E7A4F7556}") = "Problem05", "Problem05\Problem05.csproj", "{876603FA-C480-42BD-81D0-B910696D9520}"
EndProject
Project("{9A19103F-16F7-4668-BE54-9A1E7A4F7556}") = "Problem06", "Problem06\Problem06.csproj", "{59ECF875-E5AC-4CF0-A837-FEA544B38285}"
EndProject
Project("{9A19103F-16F7-4668-BE54-9A1E7A4F7556}") = "Problem07", "Problem07\Problem07.csproj", "{C158AEE2-F593-4DC2-93FB-36BC79C63B4D}"
EndProject
Project("{9A19103F-16F7-4668-BE54-9A1E7A4F7556}") = "Problem08", "Problem08\Problem08.csproj", "{0A6313DC-A8E4-461E-AF09-C4C3363B205C}"
EndProject
Project("{9A19103F-16F7-4668-BE54-9A1E7A4F7556}") = "Problem09", "Problem09\Problem09.csproj", "{CC01BAE3-6C2C-43AD-8AFF-38A798FFAE56}"
EndProject
Project("{9A19103F-16F7-4668-BE54-9A1E7A4F7556}") = "Problem10", "Problem10\Problem10.csproj", "{0953BDF0-AF77-45D8-9BB0-C34F7AF339F1}"
EndProject
Project("{9A19103F-16F7-4668-BE54-9A1E7A4F7556}") = "Problem11", "Problem11\Problem11.csproj", "{2F7DA758-6BF9-4798-A48C-CE2BAD9C98FB}"
EndProject
Project("{9A19103F-16F7-4668-BE54-9A1E7A4F7556}") = "Problem12", "Problem12\Problem12.csproj", "{31E97808-F3BE-499F-837D-ABD92DA06890}"
EndProject
Project("{9A19103F-16F7-4668-BE54-9A1E7A4F7556}") = "Problem13", "Problem13\Problem13.csproj", "{F9A2F01D-E47D-4AAC-8B2B-DFDC738D46FE}"
EndProject
Project("{9A19103F-16F7-4668-BE54-9A1E7A4F7556}") = "Problem15", "Problem15\Problem15.csproj", "{38C2FEB9-FE2F-4E91-841C-0EBA554E01E4}"
EndProject
Project("{9A19103F-16F7-4668-BE54-9A1E7A4F7556}") = "Problem16", "Problem16\Problem16.csproj", "{D2BF8BFE-AF7E-4254-9288-8027C1939234}"
EndProject
Project("{9A19103F-16F7-4668-BE54-9A1E7A4F7556}") = "Problem17", "Problem17\Problem17.csproj", "{8CED6D58-6D12-40BA-8C84-82D4366B96A8}"
EndProject
Project("{9A19103F-16F7-4668-BE54-9A1E7A4F7556}") = "Problem18", "Problem18\Problem18.csproj", "{7C1663C3-91D7-44F4-99A9-99AC2F3C9F4F}"
EndProject
Project("{9A19103F-16F7-4668-BE54-9A1E7A4F7556}") = "Problem19", "Problem19\Problem19.csproj", "{D6D3DB0B-8D16-4E72-AADD-EA3C203793A8}"
EndProject
Project("{9A19103F-16F7-4668-BE54-9A1E7A4F7556}") = "Problem20", "Problem20\Problem20.csproj", "{3F4F30AC-B0BE-46E2-A854-5A8648D21F8C}"
EndProject
Project("{9A19103F-16F7-4668-BE54-9A1E7A4F7556}") = "Problem21", "Problem21\Problem21.csproj", "{DFFD3E74-BE19-4749-979A-F9618CFE49EE}"
EndProject
Project("{FAE04EC0-301F-11D3-BF4B-00C04F79EFBC}") = "Problem22", "Problem22\Problem22.csproj", "{38707E42-D115-4D83-BCCB-4A1EAD0ADB6C}"
EndProject
Project("{FAE04EC0-301F-11D3-BF4B-00C04F79EFBC}") = "Problem23", "Problem23\Problem23.csproj", "{DE6250FA-7FFB-4ED0-B9B4-C75EACA39975}"
EndProject
Project("{FAE04EC0-301F-11D3-BF4B-00C04F79EFBC}") = "Problem24", "Problem24\Problem24.csproj", "{933CE4CA-15E1-4BAC-A9E7-914435DA7063}"
EndProject
Project("{FAE04EC0-301F-11D3-BF4B-00C04F79EFBC}") = "Problem25", "Problem25\Problem25.csproj", "{00652C3B-C880-4E47-9DDE-BA24199E5F7A}"
EndProject
Global
	GlobalSection(SolutionConfigurationPlatforms) = preSolution
		Debug|Any CPU = Debug|Any CPU
		Release|Any CPU = Release|Any CPU
	EndGlobalSection
	GlobalSection(ProjectConfigurationPlatforms) = postSolution
		{5836E6CC-4670-4EFA-AA06-8B20E24C2F4B}.Debug|Any CPU.ActiveCfg = Debug|Any CPU
		{5836E6CC-4670-4EFA-AA06-8B20E24C2F4B}.Debug|Any CPU.Build.0 = Debug|Any CPU
		{5836E6CC-4670-4EFA-AA06-8B20E24C2F4B}.Release|Any CPU.ActiveCfg = Release|Any CPU
		{5836E6CC-4670-4EFA-AA06-8B20E24C2F4B}.Release|Any CPU.Build.0 = Release|Any CPU
		{7687B32A-592C-4566-94C2-2C041DDF9F6F}.Debug|Any CPU.ActiveCfg = Debug|Any CPU
		{7687B32A-592C-4566-94C2-2C041DDF9F6F}.Debug|Any CPU.Build.0 = Debug|Any CPU
		{7687B32A-592C-4566-94C2-2C041DDF9F6F}.Release|Any CPU.ActiveCfg = Release|Any CPU
		{7687B32A-592C-4566-94C2-2C041DDF9F6F}.Release|Any CPU.Build.0 = Release|Any CPU
		{D66E13E9-197F-4976-80DE-582E41957ABF}.Debug|Any CPU.ActiveCfg = Debug|Any CPU
		{D66E13E9-197F-4976-80DE-582E41957ABF}.Debug|Any CPU.Build.0 = Debug|Any CPU
		{D66E13E9-197F-4976-80DE-582E41957ABF}.Release|Any CPU.ActiveCfg = Release|Any CPU
		{D66E13E9-197F-4976-80DE-582E41957ABF}.Release|Any CPU.Build.0 = Release|Any CPU
		{B15A788C-D034-4CBC-81EA-AAF05FD22E03}.Debug|Any CPU.ActiveCfg = Debug|Any CPU
		{B15A788C-D034-4CBC-81EA-AAF05FD22E03}.Debug|Any CPU.Build.0 = Debug|Any CPU
		{B15A788C-D034-4CBC-81EA-AAF05FD22E03}.Release|Any CPU.ActiveCfg = Release|Any CPU
		{B15A788C-D034-4CBC-81EA-AAF05FD22E03}.Release|Any CPU.Build.0 = Release|Any CPU
		{876603FA-C480-42BD-81D0-B910696D9520}.Debug|Any CPU.ActiveCfg = Debug|Any CPU
		{876603FA-C480-42BD-81D0-B910696D9520}.Debug|Any CPU.Build.0 = Debug|Any CPU
		{876603FA-C480-42BD-81D0-B910696D9520}.Release|Any CPU.ActiveCfg = Release|Any CPU
		{876603FA-C480-42BD-81D0-B910696D9520}.Release|Any CPU.Build.0 = Release|Any CPU
		{59ECF875-E5AC-4CF0-A837-FEA544B38285}.Debug|Any CPU.ActiveCfg = Debug|Any CPU
		{59ECF875-E5AC-4CF0-A837-FEA544B38285}.Debug|Any CPU.Build.0 = Debug|Any CPU
		{59ECF875-E5AC-4CF0-A837-FEA544B38285}.Release|Any CPU.ActiveCfg = Release|Any CPU
		{59ECF875-E5AC-4CF0-A837-FEA544B38285}.Release|Any CPU.Build.0 = Release|Any CPU
		{C158AEE2-F593-4DC2-93FB-36BC79C63B4D}.Debug|Any CPU.ActiveCfg = Debug|Any CPU
		{C158AEE2-F593-4DC2-93FB-36BC79C63B4D}.Debug|Any CPU.Build.0 = Debug|Any CPU
		{C158AEE2-F593-4DC2-93FB-36BC79C63B4D}.Release|Any CPU.ActiveCfg = Release|Any CPU
		{C158AEE2-F593-4DC2-93FB-36BC79C63B4D}.Release|Any CPU.Build.0 = Release|Any CPU
		{0A6313DC-A8E4-461E-AF09-C4C3363B205C}.Debug|Any CPU.ActiveCfg = Debug|Any CPU
		{0A6313DC-A8E4-461E-AF09-C4C3363B205C}.Debug|Any CPU.Build.0 = Debug|Any CPU
		{0A6313DC-A8E4-461E-AF09-C4C3363B205C}.Release|Any CPU.ActiveCfg = Release|Any CPU
		{0A6313DC-A8E4-461E-AF09-C4C3363B205C}.Release|Any CPU.Build.0 = Release|Any CPU
		{CC01BAE3-6C2C-43AD-8AFF-38A798FFAE56}.Debug|Any CPU.ActiveCfg = Debug|Any CPU
		{CC01BAE3-6C2C-43AD-8AFF-38A798FFAE56}.Debug|Any CPU.Build.0 = Debug|Any CPU
		{CC01BAE3-6C2C-43AD-8AFF-38A798FFAE56}.Release|Any CPU.ActiveCfg = Release|Any CPU
		{CC01BAE3-6C2C-43AD-8AFF-38A798FFAE56}.Release|Any CPU.Build.0 = Release|Any CPU
		{0953BDF0-AF77-45D8-9BB0-C34F7AF339F1}.Debug|Any CPU.ActiveCfg = Debug|Any CPU
		{0953BDF0-AF77-45D8-9BB0-C34F7AF339F1}.Debug|Any CPU.Build.0 = Debug|Any CPU
		{0953BDF0-AF77-45D8-9BB0-C34F7AF339F1}.Release|Any CPU.ActiveCfg = Release|Any CPU
		{0953BDF0-AF77-45D8-9BB0-C34F7AF339F1}.Release|Any CPU.Build.0 = Release|Any CPU
		{2F7DA758-6BF9-4798-A48C-CE2BAD9C98FB}.Debug|Any CPU.ActiveCfg = Debug|Any CPU
		{2F7DA758-6BF9-4798-A48C-CE2BAD9C98FB}.Debug|Any CPU.Build.0 = Debug|Any CPU
		{2F7DA758-6BF9-4798-A48C-CE2BAD9C98FB}.Release|Any CPU.ActiveCfg = Release|Any CPU
		{2F7DA758-6BF9-4798-A48C-CE2BAD9C98FB}.Release|Any CPU.Build.0 = Release|Any CPU
		{31E97808-F3BE-499F-837D-ABD92DA06890}.Debug|Any CPU.ActiveCfg = Debug|Any CPU
		{31E97808-F3BE-499F-837D-ABD92DA06890}.Debug|Any CPU.Build.0 = Debug|Any CPU
		{31E97808-F3BE-499F-837D-ABD92DA06890}.Release|Any CPU.ActiveCfg = Release|Any CPU
		{31E97808-F3BE-499F-837D-ABD92DA06890}.Release|Any CPU.Build.0 = Release|Any CPU
		{F9A2F01D-E47D-4AAC-8B2B-DFDC738D46FE}.Debug|Any CPU.ActiveCfg = Debug|Any CPU
		{F9A2F01D-E47D-4AAC-8B2B-DFDC738D46FE}.Debug|Any CPU.Build.0 = Debug|Any CPU
		{F9A2F01D-E47D-4AAC-8B2B-DFDC738D46FE}.Release|Any CPU.ActiveCfg = Release|Any CPU
		{F9A2F01D-E47D-4AAC-8B2B-DFDC738D46FE}.Release|Any CPU.Build.0 = Release|Any CPU
		{38C2FEB9-FE2F-4E91-841C-0EBA554E01E4}.Debug|Any CPU.ActiveCfg = Debug|Any CPU
		{38C2FEB9-FE2F-4E91-841C-0EBA554E01E4}.Debug|Any CPU.Build.0 = Debug|Any CPU
		{38C2FEB9-FE2F-4E91-841C-0EBA554E01E4}.Release|Any CPU.ActiveCfg = Release|Any CPU
		{38C2FEB9-FE2F-4E91-841C-0EBA554E01E4}.Release|Any CPU.Build.0 = Release|Any CPU
		{D2BF8BFE-AF7E-4254-9288-8027C1939234}.Debug|Any CPU.ActiveCfg = Debug|Any CPU
		{D2BF8BFE-AF7E-4254-9288-8027C1939234}.Debug|Any CPU.Build.0 = Debug|Any CPU
		{D2BF8BFE-AF7E-4254-9288-8027C1939234}.Release|Any CPU.ActiveCfg = Release|Any CPU
		{D2BF8BFE-AF7E-4254-9288-8027C1939234}.Release|Any CPU.Build.0 = Release|Any CPU
		{8CED6D58-6D12-40BA-8C84-82D4366B96A8}.Debug|Any CPU.ActiveCfg = Debug|Any CPU
		{8CED6D58-6D12-40BA-8C84-82D4366B96A8}.Debug|Any CPU.Build.0 = Debug|Any CPU
		{8CED6D58-6D12-40BA-8C84-82D4366B96A8}.Release|Any CPU.ActiveCfg = Release|Any CPU
		{8CED6D58-6D12-40BA-8C84-82D4366B96A8}.Release|Any CPU.Build.0 = Release|Any CPU
		{7C1663C3-91D7-44F4-99A9-99AC2F3C9F4F}.Debug|Any CPU.ActiveCfg = Debug|Any CPU
		{7C1663C3-91D7-44F4-99A9-99AC2F3C9F4F}.Debug|Any CPU.Build.0 = Debug|Any CPU
		{7C1663C3-91D7-44F4-99A9-99AC2F3C9F4F}.Release|Any CPU.ActiveCfg = Release|Any CPU
		{7C1663C3-91D7-44F4-99A9-99AC2F3C9F4F}.Release|Any CPU.Build.0 = Release|Any CPU
		{D6D3DB0B-8D16-4E72-AADD-EA3C203793A8}.Debug|Any CPU.ActiveCfg = Debug|Any CPU
		{D6D3DB0B-8D16-4E72-AADD-EA3C203793A8}.Debug|Any CPU.Build.0 = Debug|Any CPU
		{D6D3DB0B-8D16-4E72-AADD-EA3C203793A8}.Release|Any CPU.ActiveCfg = Release|Any CPU
		{D6D3DB0B-8D16-4E72-AADD-EA3C203793A8}.Release|Any CPU.Build.0 = Release|Any CPU
		{3F4F30AC-B0BE-46E2-A854-5A8648D21F8C}.Debug|Any CPU.ActiveCfg = Debug|Any CPU
		{3F4F30AC-B0BE-46E2-A854-5A8648D21F8C}.Debug|Any CPU.Build.0 = Debug|Any CPU
		{3F4F30AC-B0BE-46E2-A854-5A8648D21F8C}.Release|Any CPU.ActiveCfg = Release|Any CPU
		{3F4F30AC-B0BE-46E2-A854-5A8648D21F8C}.Release|Any CPU.Build.0 = Release|Any CPU
		{DFFD3E74-BE19-4749-979A-F9618CFE49EE}.Debug|Any CPU.ActiveCfg = Debug|Any CPU
		{DFFD3E74-BE19-4749-979A-F9618CFE49EE}.Debug|Any CPU.Build.0 = Debug|Any CPU
		{DFFD3E74-BE19-4749-979A-F9618CFE49EE}.Release|Any CPU.ActiveCfg = Release|Any CPU
		{DFFD3E74-BE19-4749-979A-F9618CFE49EE}.Release|Any CPU.Build.0 = Release|Any CPU
		{38707E42-D115-4D83-BCCB-4A1EAD0ADB6C}.Debug|Any CPU.ActiveCfg = Debug|Any CPU
		{38707E42-D115-4D83-BCCB-4A1EAD0ADB6C}.Debug|Any CPU.Build.0 = Debug|Any CPU
		{38707E42-D115-4D83-BCCB-4A1EAD0ADB6C}.Release|Any CPU.ActiveCfg = Release|Any CPU
		{38707E42-D115-4D83-BCCB-4A1EAD0ADB6C}.Release|Any CPU.Build.0 = Release|Any CPU
		{DE6250FA-7FFB-4ED0-B9B4-C75EACA39975}.Debug|Any CPU.ActiveCfg = Debug|Any CPU
		{DE6250FA-7FFB-4ED0-B9B4-C75EACA39975}.Debug|Any CPU.Build.0 = Debug|Any CPU
		{DE6250FA-7FFB-4ED0-B9B4-C75EACA39975}.Release|Any CPU.ActiveCfg = Release|Any CPU
		{DE6250FA-7FFB-4ED0-B9B4-C75EACA39975}.Release|Any CPU.Build.0 = Release|Any CPU
		{933CE4CA-15E1-4BAC-A9E7-914435DA7063}.Debug|Any CPU.ActiveCfg = Debug|Any CPU
		{933CE4CA-15E1-4BAC-A9E7-914435DA7063}.Debug|Any CPU.Build.0 = Debug|Any CPU
		{933CE4CA-15E1-4BAC-A9E7-914435DA7063}.Release|Any CPU.ActiveCfg = Release|Any CPU
		{933CE4CA-15E1-4BAC-A9E7-914435DA7063}.Release|Any CPU.Build.0 = Release|Any CPU
		{00652C3B-C880-4E47-9DDE-BA24199E5F7A}.Debug|Any CPU.ActiveCfg = Debug|Any CPU
		{00652C3B-C880-4E47-9DDE-BA24199E5F7A}.Debug|Any CPU.Build.0 = Debug|Any CPU
		{00652C3B-C880-4E47-9DDE-BA24199E5F7A}.Release|Any CPU.ActiveCfg = Release|Any CPU
		{00652C3B-C880-4E47-9DDE-BA24199E5F7A}.Release|Any CPU.Build.0 = Release|Any CPU
	EndGlobalSection
	GlobalSection(SolutionProperties) = preSolution
		HideSolutionNode = FALSE
	EndGlobalSection
	GlobalSection(ExtensibilityGlobals) = postSolution
		SolutionGuid = {A77D3330-6EE7-4E45-8AA0-076A15A6EA94}
	EndGlobalSection
EndGlobal
