
Microsoft Visual Studio Solution File, Format Version 12.00
# Visual Studio Version 16
VisualStudioVersion = 16.0.29911.84
MinimumVisualStudioVersion = 10.0.40219.1
Project("{FAE04EC0-301F-11D3-BF4B-00C04F79EFBC}") = "Problem01", "Problem01\Problem01.csproj", "{98FF1155-C5FE-486A-97F8-90697C4047F5}"
EndProject
Project("{FAE04EC0-301F-11D3-BF4B-00C04F79EFBC}") = "Problem02", "Problem02\Problem02.csproj", "{A45B3F02-0C86-4612-BB43-19FAE2015DD4}"
EndProject
Project("{FAE04EC0-301F-11D3-BF4B-00C04F79EFBC}") = "Problem03", "Problem03\Problem03.csproj", "{BAB6D53A-D8D7-424B-B675-6CD592545DE6}"
EndProject
Project("{FAE04EC0-301F-11D3-BF4B-00C04F79EFBC}") = "Problem04", "Problem04\Problem04.csproj", "{D2E51AD7-4B7F-4F38-A2CE-B94314EC5C42}"
EndProject
Project("{FAE04EC0-301F-11D3-BF4B-00C04F79EFBC}") = "Problem05", "Problme05\Problem05.csproj", "{4C847762-0C53-4BB4-B8F1-21DE459E9C52}"
EndProject
Project("{FAE04EC0-301F-11D3-BF4B-00C04F79EFBC}") = "Problem06", "Problem06\Problem06.csproj", "{718A1F66-FEAC-4B84-8616-373F712D0726}"
EndProject
Project("{FAE04EC0-301F-11D3-BF4B-00C04F79EFBC}") = "Problem07", "Problem07\Problem07.csproj", "{E771E277-5339-41AE-9210-1DFB82C321B1}"
EndProject
Project("{FAE04EC0-301F-11D3-BF4B-00C04F79EFBC}") = "Problem08", "Problem08\Problem08.csproj", "{AEB4F5E4-5722-4037-ADDD-EE4F8FC2C541}"
EndProject
Project("{FAE04EC0-301F-11D3-BF4B-00C04F79EFBC}") = "Problem09", "Problem09\Problem09.csproj", "{51EBC29A-1F30-4338-8279-4431BBE5946B}"
EndProject
Project("{FAE04EC0-301F-11D3-BF4B-00C04F79EFBC}") = "Problem10", "Problem10\Problem10.csproj", "{033660DD-44C0-4EA0-B7BF-0DA557664C80}"
EndProject
Project("{FAE04EC0-301F-11D3-BF4B-00C04F79EFBC}") = "Problem11", "Problem11\Problem11.csproj", "{D1FE36B4-AD75-429D-AD6B-E35C35F2C19D}"
EndProject
Project("{FAE04EC0-301F-11D3-BF4B-00C04F79EFBC}") = "Problem12", "Problem12\Problem12.csproj", "{11C2C74B-13C5-46B5-9183-C4929173953E}"
EndProject
Project("{FAE04EC0-301F-11D3-BF4B-00C04F79EFBC}") = "Problem13", "Problem13\Problem13.csproj", "{22BABB9D-9123-4ECF-B927-0A5A2442D364}"
EndProject
Project("{FAE04EC0-301F-11D3-BF4B-00C04F79EFBC}") = "Problem14", "Problem14\Problem14.csproj", "{00C7D217-BEC5-44B7-B9BA-1BBFA57F8970}"
EndProject
Project("{FAE04EC0-301F-11D3-BF4B-00C04F79EFBC}") = "Problem15", "Problem15\Problem15.csproj", "{FF93E2A3-04B5-4E6D-A71C-A62E17F2F445}"
EndProject
Project("{FAE04EC0-301F-11D3-BF4B-00C04F79EFBC}") = "Problem16", "Problem16\Problem16.csproj", "{39BF4412-4E6A-444B-99AF-320584854772}"
EndProject
Project("{FAE04EC0-301F-11D3-BF4B-00C04F79EFBC}") = "Problem17", "Problem17\Problem17.csproj", "{2F66CC09-023C-49AF-8F4D-29736FB3F482}"
EndProject
Project("{FAE04EC0-301F-11D3-BF4B-00C04F79EFBC}") = "Problem18", "Problem18\Problem18.csproj", "{03CAA350-CE64-467D-8BD5-31EB6F78F094}"
EndProject
Project("{FAE04EC0-301F-11D3-BF4B-00C04F79EFBC}") = "Problem19", "Problem19\Problem19.csproj", "{D79B1AE8-7DF8-4D3B-ADB4-1536364EB4B9}"
EndProject
Project("{FAE04EC0-301F-11D3-BF4B-00C04F79EFBC}") = "Problem20", "Problem20\Problem20.csproj", "{167CFD05-8AB2-46EF-B224-4AF5F655252C}"
EndProject
Global
	GlobalSection(SolutionConfigurationPlatforms) = preSolution
		Debug|Any CPU = Debug|Any CPU
		Release|Any CPU = Release|Any CPU
	EndGlobalSection
	GlobalSection(ProjectConfigurationPlatforms) = postSolution
		{98FF1155-C5FE-486A-97F8-90697C4047F5}.Debug|Any CPU.ActiveCfg = Debug|Any CPU
		{98FF1155-C5FE-486A-97F8-90697C4047F5}.Debug|Any CPU.Build.0 = Debug|Any CPU
		{98FF1155-C5FE-486A-97F8-90697C4047F5}.Release|Any CPU.ActiveCfg = Release|Any CPU
		{98FF1155-C5FE-486A-97F8-90697C4047F5}.Release|Any CPU.Build.0 = Release|Any CPU
		{A45B3F02-0C86-4612-BB43-19FAE2015DD4}.Debug|Any CPU.ActiveCfg = Debug|Any CPU
		{A45B3F02-0C86-4612-BB43-19FAE2015DD4}.Debug|Any CPU.Build.0 = Debug|Any CPU
		{A45B3F02-0C86-4612-BB43-19FAE2015DD4}.Release|Any CPU.ActiveCfg = Release|Any CPU
		{A45B3F02-0C86-4612-BB43-19FAE2015DD4}.Release|Any CPU.Build.0 = Release|Any CPU
		{BAB6D53A-D8D7-424B-B675-6CD592545DE6}.Debug|Any CPU.ActiveCfg = Debug|Any CPU
		{BAB6D53A-D8D7-424B-B675-6CD592545DE6}.Debug|Any CPU.Build.0 = Debug|Any CPU
		{BAB6D53A-D8D7-424B-B675-6CD592545DE6}.Release|Any CPU.ActiveCfg = Release|Any CPU
		{BAB6D53A-D8D7-424B-B675-6CD592545DE6}.Release|Any CPU.Build.0 = Release|Any CPU
		{D2E51AD7-4B7F-4F38-A2CE-B94314EC5C42}.Debug|Any CPU.ActiveCfg = Debug|Any CPU
		{D2E51AD7-4B7F-4F38-A2CE-B94314EC5C42}.Debug|Any CPU.Build.0 = Debug|Any CPU
		{D2E51AD7-4B7F-4F38-A2CE-B94314EC5C42}.Release|Any CPU.ActiveCfg = Release|Any CPU
		{D2E51AD7-4B7F-4F38-A2CE-B94314EC5C42}.Release|Any CPU.Build.0 = Release|Any CPU
		{4C847762-0C53-4BB4-B8F1-21DE459E9C52}.Debug|Any CPU.ActiveCfg = Debug|Any CPU
		{4C847762-0C53-4BB4-B8F1-21DE459E9C52}.Debug|Any CPU.Build.0 = Debug|Any CPU
		{4C847762-0C53-4BB4-B8F1-21DE459E9C52}.Release|Any CPU.ActiveCfg = Release|Any CPU
		{4C847762-0C53-4BB4-B8F1-21DE459E9C52}.Release|Any CPU.Build.0 = Release|Any CPU
		{718A1F66-FEAC-4B84-8616-373F712D0726}.Debug|Any CPU.ActiveCfg = Debug|Any CPU
		{718A1F66-FEAC-4B84-8616-373F712D0726}.Debug|Any CPU.Build.0 = Debug|Any CPU
		{718A1F66-FEAC-4B84-8616-373F712D0726}.Release|Any CPU.ActiveCfg = Release|Any CPU
		{718A1F66-FEAC-4B84-8616-373F712D0726}.Release|Any CPU.Build.0 = Release|Any CPU
		{E771E277-5339-41AE-9210-1DFB82C321B1}.Debug|Any CPU.ActiveCfg = Debug|Any CPU
		{E771E277-5339-41AE-9210-1DFB82C321B1}.Debug|Any CPU.Build.0 = Debug|Any CPU
		{E771E277-5339-41AE-9210-1DFB82C321B1}.Release|Any CPU.ActiveCfg = Release|Any CPU
		{E771E277-5339-41AE-9210-1DFB82C321B1}.Release|Any CPU.Build.0 = Release|Any CPU
		{AEB4F5E4-5722-4037-ADDD-EE4F8FC2C541}.Debug|Any CPU.ActiveCfg = Debug|Any CPU
		{AEB4F5E4-5722-4037-ADDD-EE4F8FC2C541}.Debug|Any CPU.Build.0 = Debug|Any CPU
		{AEB4F5E4-5722-4037-ADDD-EE4F8FC2C541}.Release|Any CPU.ActiveCfg = Release|Any CPU
		{AEB4F5E4-5722-4037-ADDD-EE4F8FC2C541}.Release|Any CPU.Build.0 = Release|Any CPU
		{51EBC29A-1F30-4338-8279-4431BBE5946B}.Debug|Any CPU.ActiveCfg = Debug|Any CPU
		{51EBC29A-1F30-4338-8279-4431BBE5946B}.Debug|Any CPU.Build.0 = Debug|Any CPU
		{51EBC29A-1F30-4338-8279-4431BBE5946B}.Release|Any CPU.ActiveCfg = Release|Any CPU
		{51EBC29A-1F30-4338-8279-4431BBE5946B}.Release|Any CPU.Build.0 = Release|Any CPU
		{033660DD-44C0-4EA0-B7BF-0DA557664C80}.Debug|Any CPU.ActiveCfg = Debug|Any CPU
		{033660DD-44C0-4EA0-B7BF-0DA557664C80}.Debug|Any CPU.Build.0 = Debug|Any CPU
		{033660DD-44C0-4EA0-B7BF-0DA557664C80}.Release|Any CPU.ActiveCfg = Release|Any CPU
		{033660DD-44C0-4EA0-B7BF-0DA557664C80}.Release|Any CPU.Build.0 = Release|Any CPU
		{D1FE36B4-AD75-429D-AD6B-E35C35F2C19D}.Debug|Any CPU.ActiveCfg = Debug|Any CPU
		{D1FE36B4-AD75-429D-AD6B-E35C35F2C19D}.Debug|Any CPU.Build.0 = Debug|Any CPU
		{D1FE36B4-AD75-429D-AD6B-E35C35F2C19D}.Release|Any CPU.ActiveCfg = Release|Any CPU
		{D1FE36B4-AD75-429D-AD6B-E35C35F2C19D}.Release|Any CPU.Build.0 = Release|Any CPU
		{11C2C74B-13C5-46B5-9183-C4929173953E}.Debug|Any CPU.ActiveCfg = Debug|Any CPU
		{11C2C74B-13C5-46B5-9183-C4929173953E}.Debug|Any CPU.Build.0 = Debug|Any CPU
		{11C2C74B-13C5-46B5-9183-C4929173953E}.Release|Any CPU.ActiveCfg = Release|Any CPU
		{11C2C74B-13C5-46B5-9183-C4929173953E}.Release|Any CPU.Build.0 = Release|Any CPU
		{22BABB9D-9123-4ECF-B927-0A5A2442D364}.Debug|Any CPU.ActiveCfg = Debug|Any CPU
		{22BABB9D-9123-4ECF-B927-0A5A2442D364}.Debug|Any CPU.Build.0 = Debug|Any CPU
		{22BABB9D-9123-4ECF-B927-0A5A2442D364}.Release|Any CPU.ActiveCfg = Release|Any CPU
		{22BABB9D-9123-4ECF-B927-0A5A2442D364}.Release|Any CPU.Build.0 = Release|Any CPU
		{00C7D217-BEC5-44B7-B9BA-1BBFA57F8970}.Debug|Any CPU.ActiveCfg = Debug|Any CPU
		{00C7D217-BEC5-44B7-B9BA-1BBFA57F8970}.Debug|Any CPU.Build.0 = Debug|Any CPU
		{00C7D217-BEC5-44B7-B9BA-1BBFA57F8970}.Release|Any CPU.ActiveCfg = Release|Any CPU
		{00C7D217-BEC5-44B7-B9BA-1BBFA57F8970}.Release|Any CPU.Build.0 = Release|Any CPU
		{FF93E2A3-04B5-4E6D-A71C-A62E17F2F445}.Debug|Any CPU.ActiveCfg = Debug|Any CPU
		{FF93E2A3-04B5-4E6D-A71C-A62E17F2F445}.Debug|Any CPU.Build.0 = Debug|Any CPU
		{FF93E2A3-04B5-4E6D-A71C-A62E17F2F445}.Release|Any CPU.ActiveCfg = Release|Any CPU
		{FF93E2A3-04B5-4E6D-A71C-A62E17F2F445}.Release|Any CPU.Build.0 = Release|Any CPU
		{39BF4412-4E6A-444B-99AF-320584854772}.Debug|Any CPU.ActiveCfg = Debug|Any CPU
		{39BF4412-4E6A-444B-99AF-320584854772}.Debug|Any CPU.Build.0 = Debug|Any CPU
		{39BF4412-4E6A-444B-99AF-320584854772}.Release|Any CPU.ActiveCfg = Release|Any CPU
		{39BF4412-4E6A-444B-99AF-320584854772}.Release|Any CPU.Build.0 = Release|Any CPU
		{2F66CC09-023C-49AF-8F4D-29736FB3F482}.Debug|Any CPU.ActiveCfg = Debug|Any CPU
		{2F66CC09-023C-49AF-8F4D-29736FB3F482}.Debug|Any CPU.Build.0 = Debug|Any CPU
		{2F66CC09-023C-49AF-8F4D-29736FB3F482}.Release|Any CPU.ActiveCfg = Release|Any CPU
		{2F66CC09-023C-49AF-8F4D-29736FB3F482}.Release|Any CPU.Build.0 = Release|Any CPU
		{03CAA350-CE64-467D-8BD5-31EB6F78F094}.Debug|Any CPU.ActiveCfg = Debug|Any CPU
		{03CAA350-CE64-467D-8BD5-31EB6F78F094}.Debug|Any CPU.Build.0 = Debug|Any CPU
		{03CAA350-CE64-467D-8BD5-31EB6F78F094}.Release|Any CPU.ActiveCfg = Release|Any CPU
		{03CAA350-CE64-467D-8BD5-31EB6F78F094}.Release|Any CPU.Build.0 = Release|Any CPU
		{D79B1AE8-7DF8-4D3B-ADB4-1536364EB4B9}.Debug|Any CPU.ActiveCfg = Debug|Any CPU
		{D79B1AE8-7DF8-4D3B-ADB4-1536364EB4B9}.Debug|Any CPU.Build.0 = Debug|Any CPU
		{D79B1AE8-7DF8-4D3B-ADB4-1536364EB4B9}.Release|Any CPU.ActiveCfg = Release|Any CPU
		{D79B1AE8-7DF8-4D3B-ADB4-1536364EB4B9}.Release|Any CPU.Build.0 = Release|Any CPU
		{167CFD05-8AB2-46EF-B224-4AF5F655252C}.Debug|Any CPU.ActiveCfg = Debug|Any CPU
		{167CFD05-8AB2-46EF-B224-4AF5F655252C}.Debug|Any CPU.Build.0 = Debug|Any CPU
		{167CFD05-8AB2-46EF-B224-4AF5F655252C}.Release|Any CPU.ActiveCfg = Release|Any CPU
		{167CFD05-8AB2-46EF-B224-4AF5F655252C}.Release|Any CPU.Build.0 = Release|Any CPU
	EndGlobalSection
	GlobalSection(SolutionProperties) = preSolution
		HideSolutionNode = FALSE
	EndGlobalSection
	GlobalSection(ExtensibilityGlobals) = postSolution
		SolutionGuid = {1998E08A-C389-4CD9-BF9A-02B2F4889259}
	EndGlobalSection
EndGlobal
